// !$*UTF8*$!
{
	archiveVersion = 1;
	classes = {
	};
	objectVersion = 46;
	objects = {

/* Begin PBXBuildFile section */
		85DE92511C463D9800B7B40C /* main.m in Sources */ = {isa = PBXBuildFile; fileRef = 85DE92501C463D9800B7B40C /* main.m */; };
		85DE92541C463D9800B7B40C /* AppDelegate.m in Sources */ = {isa = PBXBuildFile; fileRef = 85DE92531C463D9800B7B40C /* AppDelegate.m */; };
		85DE92691C463E3900B7B40C /* PCDialogBoxView.m in Sources */ = {isa = PBXBuildFile; fileRef = 85DE92681C463E3900B7B40C /* PCDialogBoxView.m */; };
		85DE92851C46461200B7B40C /* areaDict.plist in Resources */ = {isa = PBXBuildFile; fileRef = 85DE92841C46461200B7B40C /* areaDict.plist */; };
		85DE92891C46463100B7B40C /* closed@2x.png in Resources */ = {isa = PBXBuildFile; fileRef = 85DE92871C46463100B7B40C /* closed@2x.png */; };
		85DE928A1C46463100B7B40C /* sex-bg@2x.png in Resources */ = {isa = PBXBuildFile; fileRef = 85DE92881C46463100B7B40C /* sex-bg@2x.png */; };
		85DE928C1C4646BA00B7B40C /* arrow_down_black@2x.png in Resources */ = {isa = PBXBuildFile; fileRef = 85DE928B1C4646BA00B7B40C /* arrow_down_black@2x.png */; };
/* End PBXBuildFile section */

/* Begin PBXFileReference section */
		85DE924C1C463D9800B7B40C /* PCDialogBoxView.app */ = {isa = PBXFileReference; explicitFileType = wrapper.application; includeInIndex = 0; path = PCDialogBoxView.app; sourceTree = BUILT_PRODUCTS_DIR; };
		85DE92501C463D9800B7B40C /* main.m */ = {isa = PBXFileReference; lastKnownFileType = sourcecode.c.objc; path = main.m; sourceTree = "<group>"; };
		85DE92521C463D9800B7B40C /* AppDelegate.h */ = {isa = PBXFileReference; lastKnownFileType = sourcecode.c.h; path = AppDelegate.h; sourceTree = "<group>"; };
		85DE92531C463D9800B7B40C /* AppDelegate.m */ = {isa = PBXFileReference; lastKnownFileType = sourcecode.c.objc; path = AppDelegate.m; sourceTree = "<group>"; };
		85DE92601C463D9900B7B40C /* Info.plist */ = {isa = PBXFileReference; lastKnownFileType = text.plist.xml; path = Info.plist; sourceTree = "<group>"; };
		85DE92671C463E3900B7B40C /* PCDialogBoxView.h */ = {isa = PBXFileReference; fileEncoding = 4; lastKnownFileType = sourcecode.c.h; path = PCDialogBoxView.h; sourceTree = "<group>"; };
		85DE92681C463E3900B7B40C /* PCDialogBoxView.m */ = {isa = PBXFileReference; fileEncoding = 4; lastKnownFileType = sourcecode.c.objc; path = PCDialogBoxView.m; sourceTree = "<group>"; };
		85DE92841C46461200B7B40C /* areaDict.plist */ = {isa = PBXFileReference; fileEncoding = 4; lastKnownFileType = text.plist.xml; path = areaDict.plist; sourceTree = "<group>"; };
		85DE92871C46463100B7B40C /* closed@2x.png */ = {isa = PBXFileReference; lastKnownFileType = image.png; path = "closed@2x.png"; sourceTree = "<group>"; };
		85DE92881C46463100B7B40C /* sex-bg@2x.png */ = {isa = PBXFileReference; lastKnownFileType = image.png; path = "sex-bg@2x.png"; sourceTree = "<group>"; };
		85DE928B1C4646BA00B7B40C /* arrow_down_black@2x.png */ = {isa = PBXFileReference; lastKnownFileType = image.png; path = "arrow_down_black@2x.png"; sourceTree = "<group>"; };
/* End PBXFileReference section */

/* Begin PBXFrameworksBuildPhase section */
		85DE92491C463D9800B7B40C /* Frameworks */ = {
			isa = PBXFrameworksBuildPhase;
			buildActionMask = 2147483647;
			files = (
			);
			runOnlyForDeploymentPostprocessing = 0;
		};
/* End PBXFrameworksBuildPhase section */

/* Begin PBXGroup section */
		85DE92431C463D9800B7B40C = {
			isa = PBXGroup;
			children = (
				85DE924E1C463D9800B7B40C /* PCDialogBoxView */,
				85DE924D1C463D9800B7B40C /* Products */,
			);
			sourceTree = "<group>";
		};
		85DE924D1C463D9800B7B40C /* Products */ = {
			isa = PBXGroup;
			children = (
				85DE924C1C463D9800B7B40C /* PCDialogBoxView.app */,
			);
			name = Products;
			sourceTree = "<group>";
		};
		85DE924E1C463D9800B7B40C /* PCDialogBoxView */ = {
			isa = PBXGroup;
			children = (
				85DE92661C463E2500B7B40C /* PCDialogBoxView */,
				85DE92521C463D9800B7B40C /* AppDelegate.h */,
				85DE92531C463D9800B7B40C /* AppDelegate.m */,
				85DE92601C463D9900B7B40C /* Info.plist */,
				85DE92841C46461200B7B40C /* areaDict.plist */,
				85DE924F1C463D9800B7B40C /* Supporting Files */,
			);
			path = PCDialogBoxView;
			sourceTree = "<group>";
		};
		85DE924F1C463D9800B7B40C /* Supporting Files */ = {
			isa = PBXGroup;
			children = (
				85DE92501C463D9800B7B40C /* main.m */,
			);
			name = "Supporting Files";
			sourceTree = "<group>";
		};
		85DE92661C463E2500B7B40C /* PCDialogBoxView */ = {
			isa = PBXGroup;
			children = (
				85DE92861C46463100B7B40C /* img */,
				85DE92671C463E3900B7B40C /* PCDialogBoxView.h */,
				85DE92681C463E3900B7B40C /* PCDialogBoxView.m */,
			);
			path = PCDialogBoxView;
			sourceTree = "<group>";
		};
		85DE92861C46463100B7B40C /* img */ = {
			isa = PBXGroup;
			children = (
				85DE928B1C4646BA00B7B40C /* arrow_down_black@2x.png */,
				85DE92871C46463100B7B40C /* closed@2x.png */,
				85DE92881C46463100B7B40C /* sex-bg@2x.png */,
			);
			path = img;
			sourceTree = "<group>";
		};
/* End PBXGroup section */

/* Begin PBXNativeTarget section */
		85DE924B1C463D9800B7B40C /* PCDialogBoxView */ = {
			isa = PBXNativeTarget;
			buildConfigurationList = 85DE92631C463D9900B7B40C /* Build configuration list for PBXNativeTarget "PCDialogBoxView" */;
			buildPhases = (
				85DE92481C463D9800B7B40C /* Sources */,
				85DE92491C463D9800B7B40C /* Frameworks */,
				85DE924A1C463D9800B7B40C /* Resources */,
			);
			buildRules = (
			);
			dependencies = (
			);
			name = PCDialogBoxView;
			productName = PCDialogBoxView;
			productReference = 85DE924C1C463D9800B7B40C /* PCDialogBoxView.app */;
			productType = "com.apple.product-type.application";
		};
/* End PBXNativeTarget section */

/* Begin PBXProject section */
		85DE92441C463D9800B7B40C /* Project object */ = {
			isa = PBXProject;
			attributes = {
				LastUpgradeCheck = 0720;
				ORGANIZATIONNAME = lyricdon;
				TargetAttributes = {
					85DE924B1C463D9800B7B40C = {
						CreatedOnToolsVersion = 7.2;
					};
				};
			};
			buildConfigurationList = 85DE92471C463D9800B7B40C /* Build configuration list for PBXProject "PCDialogBoxView" */;
			compatibilityVersion = "Xcode 3.2";
			developmentRegion = English;
			hasScannedForEncodings = 0;
			knownRegions = (
				en,
				Base,
			);
			mainGroup = 85DE92431C463D9800B7B40C;
			productRefGroup = 85DE924D1C463D9800B7B40C /* Products */;
			projectDirPath = "";
			projectRoot = "";
			targets = (
				85DE924B1C463D9800B7B40C /* PCDialogBoxView */,
			);
		};
/* End PBXProject section */

/* Begin PBXResourcesBuildPhase section */
		85DE924A1C463D9800B7B40C /* Resources */ = {
			isa = PBXResourcesBuildPhase;
			buildActionMask = 2147483647;
			files = (
				85DE928A1C46463100B7B40C /* sex-bg@2x.png in Resources */,
				85DE92891C46463100B7B40C /* closed@2x.png in Resources */,
				85DE928C1C4646BA00B7B40C /* arrow_down_black@2x.png in Resources */,
				85DE92851C46461200B7B40C /* areaDict.plist in Resources */,
			);
			runOnlyForDeploymentPostprocessing = 0;
		};
/* End PBXResourcesBuildPhase section */

/* Begin PBXSourcesBuildPhase section */
		85DE92481C463D9800B7B40C /* Sources */ = {
			isa = PBXSourcesBuildPhase;
			buildActionMask = 2147483647;
			files = (
				85DE92541C463D9800B7B40C /* AppDelegate.m in Sources */,
				85DE92511C463D9800B7B40C /* main.m in Sources */,
				85DE92691C463E3900B7B40C /* PCDialogBoxView.m in Sources */,
			);
			runOnlyForDeploymentPostprocessing = 0;
		};
/* End PBXSourcesBuildPhase section */

/* Begin XCBuildConfiguration section */
		85DE92611C463D9900B7B40C /* Debug */ = {
			isa = XCBuildConfiguration;
			buildSettings = {
				ALWAYS_SEARCH_USER_PATHS = NO;
				CLANG_CXX_LANGUAGE_STANDARD = "gnu++0x";
				CLANG_CXX_LIBRARY = "libc++";
				CLANG_ENABLE_MODULES = YES;
				CLANG_ENABLE_OBJC_ARC = YES;
				CLANG_WARN_BOOL_CONVERSION = YES;
				CLANG_WARN_CONSTANT_CONVERSION = YES;
				CLANG_WARN_DIRECT_OBJC_ISA_USAGE = YES_ERROR;
				CLANG_WARN_EMPTY_BODY = YES;
				CLANG_WARN_ENUM_CONVERSION = YES;
				CLANG_WARN_INT_CONVERSION = YES;
				CLANG_WARN_OBJC_ROOT_CLASS = YES_ERROR;
				CLANG_WARN_UNREACHABLE_CODE = YES;
				CLANG_WARN__DUPLICATE_METHOD_MATCH = YES;
				"CODE_SIGN_IDENTITY[sdk=iphoneos*]" = "iPhone Developer";
				COPY_PHASE_STRIP = NO;
				DEBUG_INFORMATION_FORMAT = dwarf;
				ENABLE_STRICT_OBJC_MSGSEND = YES;
				ENABLE_TESTABILITY = YES;
				GCC_C_LANGUAGE_STANDARD = gnu99;
				GCC_DYNAMIC_NO_PIC = NO;
				GCC_NO_COMMON_BLOCKS = YES;
				GCC_OPTIMIZATION_LEVEL = 0;
				GCC_PREPROCESSOR_DEFINITIONS = (
					"DEBUG=1",
					"$(inherited)",
				);
				GCC_WARN_64_TO_32_BIT_CONVERSION = YES;
				GCC_WARN_ABOUT_RETURN_TYPE = YES_ERROR;
				GCC_WARN_UNDECLARED_SELECTOR = YES;
				GCC_WARN_UNINITIALIZED_AUTOS = YES_AGGRESSIVE;
				GCC_WARN_UNUSED_FUNCTION = YES;
				GCC_WARN_UNUSED_VARIABLE = YES;
				IPHONEOS_DEPLOYMENT_TARGET = 9.2;
				MTL_ENABLE_DEBUG_INFO = YES;
				ONLY_ACTIVE_ARCH = YES;
				SDKROOT = iphoneos;
				TARGETED_DEVICE_FAMILY = "1,2";
			};
			name = Debug;
		};
		85DE92621C463D9900B7B40C /* Release */ = {
			isa = XCBuildConfiguration;
			buildSettings = {
				ALWAYS_SEARCH_USER_PATHS = NO;
				CLANG_CXX_LANGUAGE_STANDARD = "gnu++0x";
				CLANG_CXX_LIBRARY = "libc++";
				CLANG_ENABLE_MODULES = YES;
				CLANG_ENABLE_OBJC_ARC = YES;
				CLANG_WARN_BOOL_CONVERSION = YES;
				CLANG_WARN_CONSTANT_CONVERSION = YES;
				CLANG_WARN_DIRECT_OBJC_ISA_USAGE = YES_ERROR;
				CLANG_WARN_EMPTY_BODY = YES;
				CLANG_WARN_ENUM_CONVERSION = YES;
				CLANG_WARN_INT_CONVERSION = YES;
				CLANG_WARN_OBJC_ROOT_CLASS = YES_ERROR;
				CLANG_WARN_UNREACHABLE_CODE = YES;
				CLANG_WARN__DUPLICATE_METHOD_MATCH = YES;
				"CODE_SIGN_IDENTITY[sdk=iphoneos*]" = "iPhone Developer";
				COPY_PHASE_STRIP = NO;
				DEBUG_INFORMATION_FORMAT = "dwarf-with-dsym";
				ENABLE_NS_ASSERTIONS = NO;
				ENABLE_STRICT_OBJC_MSGSEND = YES;
				GCC_C_LANGUAGE_STANDARD = gnu99;
				GCC_NO_COMMON_BLOCKS = YES;
				GCC_WARN_64_TO_32_BIT_CONVERSION = YES;
				GCC_WARN_ABOUT_RETURN_TYPE = YES_ERROR;
				GCC_WARN_UNDECLARED_SELECTOR = YES;
				GCC_WARN_UNINITIALIZED_AUTOS = YES_AGGRESSIVE;
				GCC_WARN_UNUSED_FUNCTION = YES;
				GCC_WARN_UNUSED_VARIABLE = YES;
				IPHONEOS_DEPLOYMENT_TARGET = 9.2;
				MTL_ENABLE_DEBUG_INFO = NO;
				SDKROOT = iphoneos;
				TARGETED_DEVICE_FAMILY = "1,2";
				VALIDATE_PRODUCT = YES;
			};
			name = Release;
		};
		85DE92641C463D9900B7B40C /* Debug */ = {
			isa = XCBuildConfiguration;
			buildSettings = {
				INFOPLIST_FILE = PCDialogBoxView/Info.plist;
				LD_RUNPATH_SEARCH_PATHS = "$(inherited) @executable_path/Frameworks";
				PRODUCT_BUNDLE_IDENTIFIER = lyricdon.cn.PCDialogBoxView;
				PRODUCT_NAME = "$(TARGET_NAME)";
			};
			name = Debug;
		};
		85DE92651C463D9900B7B40C /* Release */ = {
			isa = XCBuildConfiguration;
			buildSettings = {
				INFOPLIST_FILE = PCDialogBoxView/Info.plist;
				LD_RUNPATH_SEARCH_PATHS = "$(inherited) @executable_path/Frameworks";
				PRODUCT_BUNDLE_IDENTIFIER = lyricdon.cn.PCDialogBoxView;
				PRODUCT_NAME = "$(TARGET_NAME)";
			};
			name = Release;
		};
/* End XCBuildConfiguration section */

/* Begin XCConfigurationList section */
		85DE92471C463D9800B7B40C /* Build configuration list for PBXProject "PCDialogBoxView" */ = {
			isa = XCConfigurationList;
			buildConfigurations = (
				85DE92611C463D9900B7B40C /* Debug */,
				85DE92621C463D9900B7B40C /* Release */,
			);
			defaultConfigurationIsVisible = 0;
			defaultConfigurationName = Release;
		};
		85DE92631C463D9900B7B40C /* Build configuration list for PBXNativeTarget "PCDialogBoxView" */ = {
			isa = XCConfigurationList;
			buildConfigurations = (
				85DE92641C463D9900B7B40C /* Debug */,
				85DE92651C463D9900B7B40C /* Release */,
			);
			defaultConfigurationIsVisible = 0;
			defaultConfigurationName = Release;
		};
/* End XCConfigurationList section */
	};
	rootObject = 85DE92441C463D9800B7B40C /* Project object */;
}
